// !$*UTF8*$!
{
	archiveVersion = 1;
	classes = {
	};
	objectVersion = 56;
	objects = {

/* Begin PBXBuildFile section */
		561DD2392C0AF10600C662E2 /* ServiceTest.swift in Sources */ = {isa = PBXBuildFile; fileRef = 561DD2382C0AF10600C662E2 /* ServiceTest.swift */; };
		561DD23B2C0AF10D00C662E2 /* TabBarController.swift in Sources */ = {isa = PBXBuildFile; fileRef = 561DD23A2C0AF10D00C662E2 /* TabBarController.swift */; };
		561DD24A2C0B107D00C662E2 /* AddVotingView.swift in Sources */ = {isa = PBXBuildFile; fileRef = 561DD2492C0B107D00C662E2 /* AddVotingView.swift */; };
		561DD24C2C0B108D00C662E2 /* AddVotingViewController.swift in Sources */ = {isa = PBXBuildFile; fileRef = 561DD24B2C0B108D00C662E2 /* AddVotingViewController.swift */; };
		642CB8572C0B0978001FC5D5 /* VoteBody.swift in Sources */ = {isa = PBXBuildFile; fileRef = 642CB8512C0B0978001FC5D5 /* VoteBody.swift */; };
		642CB8582C0B0978001FC5D5 /* VoteCell.swift in Sources */ = {isa = PBXBuildFile; fileRef = 642CB8522C0B0978001FC5D5 /* VoteCell.swift */; };
		642CB8592C0B0978001FC5D5 /* VoteHeader.swift in Sources */ = {isa = PBXBuildFile; fileRef = 642CB8532C0B0978001FC5D5 /* VoteHeader.swift */; };
		642CB85A2C0B0978001FC5D5 /* Home.swift in Sources */ = {isa = PBXBuildFile; fileRef = 642CB8552C0B0978001FC5D5 /* Home.swift */; };
		642CB85C2C0B1595001FC5D5 /* VoteDetail.swift in Sources */ = {isa = PBXBuildFile; fileRef = 642CB85B2C0B1595001FC5D5 /* VoteDetail.swift */; };
		642CB8602C0B3395001FC5D5 /* VoteParticipated.swift in Sources */ = {isa = PBXBuildFile; fileRef = 642CB85F2C0B3395001FC5D5 /* VoteParticipated.swift */; };
		642CB8632C0B37B4001FC5D5 /* MySettingView.swift in Sources */ = {isa = PBXBuildFile; fileRef = 642CB8622C0B37B4001FC5D5 /* MySettingView.swift */; };
		642CB8672C0B39BC001FC5D5 /* MySettingContent.swift in Sources */ = {isa = PBXBuildFile; fileRef = 642CB8662C0B39BC001FC5D5 /* MySettingContent.swift */; };
		642CB8692C0B3F4E001FC5D5 /* MySettingHeader.swift in Sources */ = {isa = PBXBuildFile; fileRef = 642CB8682C0B3F4E001FC5D5 /* MySettingHeader.swift */; };
		642CB86B2C0B71EE001FC5D5 /* HomeViewHeader.swift in Sources */ = {isa = PBXBuildFile; fileRef = 642CB86A2C0B71EE001FC5D5 /* HomeViewHeader.swift */; };
		BC246AED2C0AE0B40071C358 /* Alamofire in Frameworks */ = {isa = PBXBuildFile; productRef = BC246AEC2C0AE0B40071C358 /* Alamofire */; };
		BC246AF02C0AE0CD0071C358 /* SnapKit in Frameworks */ = {isa = PBXBuildFile; productRef = BC246AEF2C0AE0CD0071C358 /* SnapKit */; };
		BC42E0862C0AEB60008B7336 /* IQKeyboardManagerSwift in Frameworks */ = {isa = PBXBuildFile; productRef = BC42E0852C0AEB60008B7336 /* IQKeyboardManagerSwift */; };
		BC42E08A2C0AF878008B7336 /* OnboardingView.swift in Sources */ = {isa = PBXBuildFile; fileRef = BC42E0892C0AF878008B7336 /* OnboardingView.swift */; };
		BC42E0942C0AFE8D008B7336 /* Font+Extension.swift in Sources */ = {isa = PBXBuildFile; fileRef = BC42E0932C0AFE8D008B7336 /* Font+Extension.swift */; };
		BC42E0AB2C0B18BB008B7336 /* MypageView.swift in Sources */ = {isa = PBXBuildFile; fileRef = BC42E0AA2C0B18BB008B7336 /* MypageView.swift */; };
		BC42E0B52C0B1C30008B7336 /* MenuRow.swift in Sources */ = {isa = PBXBuildFile; fileRef = BC42E0B42C0B1C30008B7336 /* MenuRow.swift */; };
		BC42E0BA2C0B3547008B7336 /* LeafStorageView.swift in Sources */ = {isa = PBXBuildFile; fileRef = BC42E0B92C0B3547008B7336 /* LeafStorageView.swift */; };
		BC42E0BD2C0B3671008B7336 /* LeafSellRow.swift in Sources */ = {isa = PBXBuildFile; fileRef = BC42E0BC2C0B3671008B7336 /* LeafSellRow.swift */; };
		BC42E0BE2C0B3F90008B7336 /* NotoSansKR-Black.ttf in Resources */ = {isa = PBXBuildFile; fileRef = BC42E0952C0AFFA6008B7336 /* NotoSansKR-Black.ttf */; };
		BC42E0BF2C0B3F90008B7336 /* NotoSansKR-Bold.ttf in Resources */ = {isa = PBXBuildFile; fileRef = BC42E0982C0AFFA6008B7336 /* NotoSansKR-Bold.ttf */; };
		BC42E0C02C0B3F90008B7336 /* NotoSansKR-ExtraBold.ttf in Resources */ = {isa = PBXBuildFile; fileRef = BC42E0962C0AFFA6008B7336 /* NotoSansKR-ExtraBold.ttf */; };
		BC42E0C12C0B3F90008B7336 /* NotoSansKR-ExtraLight.ttf in Resources */ = {isa = PBXBuildFile; fileRef = BC42E0992C0AFFA7008B7336 /* NotoSansKR-ExtraLight.ttf */; };
		BC42E0C22C0B3F90008B7336 /* NotoSansKR-Light.ttf in Resources */ = {isa = PBXBuildFile; fileRef = BC42E09C2C0AFFA7008B7336 /* NotoSansKR-Light.ttf */; };
		BC42E0C32C0B3F90008B7336 /* NotoSansKR-Medium.ttf in Resources */ = {isa = PBXBuildFile; fileRef = BC42E0972C0AFFA6008B7336 /* NotoSansKR-Medium.ttf */; };
		BC42E0C42C0B3F90008B7336 /* NotoSansKR-Regular.ttf in Resources */ = {isa = PBXBuildFile; fileRef = BC42E09D2C0AFFA7008B7336 /* NotoSansKR-Regular.ttf */; };
		BC42E0C52C0B3F90008B7336 /* NotoSansKR-SemiBold.ttf in Resources */ = {isa = PBXBuildFile; fileRef = BC42E09A2C0AFFA7008B7336 /* NotoSansKR-SemiBold.ttf */; };
		BC42E0C62C0B3F90008B7336 /* NotoSansKR-Thin.ttf in Resources */ = {isa = PBXBuildFile; fileRef = BC42E09B2C0AFFA7008B7336 /* NotoSansKR-Thin.ttf */; };
		BC42E0C92C0B427D008B7336 /* IPTextField.swift in Sources */ = {isa = PBXBuildFile; fileRef = BC42E0C82C0B427D008B7336 /* IPTextField.swift */; };
		BC42E0CB2C0B4311008B7336 /* Color+Extension.swift in Sources */ = {isa = PBXBuildFile; fileRef = BC42E0CA2C0B4311008B7336 /* Color+Extension.swift */; };
		BC42E0CD2C0B4547008B7336 /* Constant.swift in Sources */ = {isa = PBXBuildFile; fileRef = BC42E0CC2C0B4547008B7336 /* Constant.swift */; };
		BC42E0E62C0B4D7E008B7336 /* FloatingButton.swift in Sources */ = {isa = PBXBuildFile; fileRef = BC42E0E02C0B4D7E008B7336 /* FloatingButton.swift */; };
		BC42E0E72C0B4D7E008B7336 /* IfTopBar.swift in Sources */ = {isa = PBXBuildFile; fileRef = BC42E0E12C0B4D7E008B7336 /* IfTopBar.swift */; };
		BC42E0E82C0B4D7E008B7336 /* SegmentedControl.swift in Sources */ = {isa = PBXBuildFile; fileRef = BC42E0E22C0B4D7E008B7336 /* SegmentedControl.swift */; };
		BC42E0E92C0B4D7E008B7336 /* IfView.swift in Sources */ = {isa = PBXBuildFile; fileRef = BC42E0E42C0B4D7E008B7336 /* IfView.swift */; };
		BC42E0EB2C0B858D008B7336 /* MemberService.swift in Sources */ = {isa = PBXBuildFile; fileRef = BC42E0EA2C0B858D008B7336 /* MemberService.swift */; };
		BC42E0ED2C0B8D06008B7336 /* Keyboard+Extension.swift in Sources */ = {isa = PBXBuildFile; fileRef = BC42E0EC2C0B8D06008B7336 /* Keyboard+Extension.swift */; };
		BC42E0EF2C0B8DB9008B7336 /* KeyboardHelper.swift in Sources */ = {isa = PBXBuildFile; fileRef = BC42E0EE2C0B8DB9008B7336 /* KeyboardHelper.swift */; };
		BC653D612C0ADF1A0058AD4B /* AppDelegate.swift in Sources */ = {isa = PBXBuildFile; fileRef = BC653D602C0ADF1A0058AD4B /* AppDelegate.swift */; };
		BC653D632C0ADF1A0058AD4B /* SceneDelegate.swift in Sources */ = {isa = PBXBuildFile; fileRef = BC653D622C0ADF1A0058AD4B /* SceneDelegate.swift */; };
		BC653D652C0ADF1A0058AD4B /* ViewController.swift in Sources */ = {isa = PBXBuildFile; fileRef = BC653D642C0ADF1A0058AD4B /* ViewController.swift */; };
		BC653D6A2C0ADF1B0058AD4B /* Assets.xcassets in Resources */ = {isa = PBXBuildFile; fileRef = BC653D692C0ADF1B0058AD4B /* Assets.xcassets */; };
		BC653D6D2C0ADF1B0058AD4B /* Base in Resources */ = {isa = PBXBuildFile; fileRef = BC653D6C2C0ADF1B0058AD4B /* Base */; };
		BC653D7B2C0ADF7C0058AD4B /* Then in Frameworks */ = {isa = PBXBuildFile; productRef = BC653D7A2C0ADF7C0058AD4B /* Then */; };
/* End PBXBuildFile section */

/* Begin PBXFileReference section */
		561DD2382C0AF10600C662E2 /* ServiceTest.swift */ = {isa = PBXFileReference; lastKnownFileType = sourcecode.swift; path = ServiceTest.swift; sourceTree = "<group>"; };
		561DD23A2C0AF10D00C662E2 /* TabBarController.swift */ = {isa = PBXFileReference; lastKnownFileType = sourcecode.swift; path = TabBarController.swift; sourceTree = "<group>"; };
		561DD2492C0B107D00C662E2 /* AddVotingView.swift */ = {isa = PBXFileReference; lastKnownFileType = sourcecode.swift; path = AddVotingView.swift; sourceTree = "<group>"; };
		561DD24B2C0B108D00C662E2 /* AddVotingViewController.swift */ = {isa = PBXFileReference; lastKnownFileType = sourcecode.swift; path = AddVotingViewController.swift; sourceTree = "<group>"; };
		642CB8512C0B0978001FC5D5 /* VoteBody.swift */ = {isa = PBXFileReference; fileEncoding = 4; lastKnownFileType = sourcecode.swift; path = VoteBody.swift; sourceTree = "<group>"; };
		642CB8522C0B0978001FC5D5 /* VoteCell.swift */ = {isa = PBXFileReference; fileEncoding = 4; lastKnownFileType = sourcecode.swift; path = VoteCell.swift; sourceTree = "<group>"; };
		642CB8532C0B0978001FC5D5 /* VoteHeader.swift */ = {isa = PBXFileReference; fileEncoding = 4; lastKnownFileType = sourcecode.swift; path = VoteHeader.swift; sourceTree = "<group>"; };
		642CB8552C0B0978001FC5D5 /* Home.swift */ = {isa = PBXFileReference; fileEncoding = 4; lastKnownFileType = sourcecode.swift; path = Home.swift; sourceTree = "<group>"; };
		642CB85B2C0B1595001FC5D5 /* VoteDetail.swift */ = {isa = PBXFileReference; lastKnownFileType = sourcecode.swift; path = VoteDetail.swift; sourceTree = "<group>"; };
		642CB85F2C0B3395001FC5D5 /* VoteParticipated.swift */ = {isa = PBXFileReference; lastKnownFileType = sourcecode.swift; path = VoteParticipated.swift; sourceTree = "<group>"; };
		642CB8622C0B37B4001FC5D5 /* MySettingView.swift */ = {isa = PBXFileReference; lastKnownFileType = sourcecode.swift; path = MySettingView.swift; sourceTree = "<group>"; };
		642CB8662C0B39BC001FC5D5 /* MySettingContent.swift */ = {isa = PBXFileReference; lastKnownFileType = sourcecode.swift; path = MySettingContent.swift; sourceTree = "<group>"; };
		642CB8682C0B3F4E001FC5D5 /* MySettingHeader.swift */ = {isa = PBXFileReference; lastKnownFileType = sourcecode.swift; path = MySettingHeader.swift; sourceTree = "<group>"; };
		642CB86A2C0B71EE001FC5D5 /* HomeViewHeader.swift */ = {isa = PBXFileReference; lastKnownFileType = sourcecode.swift; path = HomeViewHeader.swift; sourceTree = "<group>"; };
		BC42E0892C0AF878008B7336 /* OnboardingView.swift */ = {isa = PBXFileReference; lastKnownFileType = sourcecode.swift; path = OnboardingView.swift; sourceTree = "<group>"; };
		BC42E0932C0AFE8D008B7336 /* Font+Extension.swift */ = {isa = PBXFileReference; lastKnownFileType = sourcecode.swift; path = "Font+Extension.swift"; sourceTree = "<group>"; };
		BC42E0952C0AFFA6008B7336 /* NotoSansKR-Black.ttf */ = {isa = PBXFileReference; lastKnownFileType = file; path = "NotoSansKR-Black.ttf"; sourceTree = "<group>"; };
		BC42E0962C0AFFA6008B7336 /* NotoSansKR-ExtraBold.ttf */ = {isa = PBXFileReference; lastKnownFileType = file; path = "NotoSansKR-ExtraBold.ttf"; sourceTree = "<group>"; };
		BC42E0972C0AFFA6008B7336 /* NotoSansKR-Medium.ttf */ = {isa = PBXFileReference; lastKnownFileType = file; path = "NotoSansKR-Medium.ttf"; sourceTree = "<group>"; };
		BC42E0982C0AFFA6008B7336 /* NotoSansKR-Bold.ttf */ = {isa = PBXFileReference; lastKnownFileType = file; path = "NotoSansKR-Bold.ttf"; sourceTree = "<group>"; };
		BC42E0992C0AFFA7008B7336 /* NotoSansKR-ExtraLight.ttf */ = {isa = PBXFileReference; lastKnownFileType = file; path = "NotoSansKR-ExtraLight.ttf"; sourceTree = "<group>"; };
		BC42E09A2C0AFFA7008B7336 /* NotoSansKR-SemiBold.ttf */ = {isa = PBXFileReference; lastKnownFileType = file; path = "NotoSansKR-SemiBold.ttf"; sourceTree = "<group>"; };
		BC42E09B2C0AFFA7008B7336 /* NotoSansKR-Thin.ttf */ = {isa = PBXFileReference; lastKnownFileType = file; path = "NotoSansKR-Thin.ttf"; sourceTree = "<group>"; };
		BC42E09C2C0AFFA7008B7336 /* NotoSansKR-Light.ttf */ = {isa = PBXFileReference; lastKnownFileType = file; path = "NotoSansKR-Light.ttf"; sourceTree = "<group>"; };
		BC42E09D2C0AFFA7008B7336 /* NotoSansKR-Regular.ttf */ = {isa = PBXFileReference; lastKnownFileType = file; path = "NotoSansKR-Regular.ttf"; sourceTree = "<group>"; };
		BC42E0A42C0B0D5B008B7336 /* IfView.swift */ = {isa = PBXFileReference; fileEncoding = 4; lastKnownFileType = sourcecode.swift; path = IfView.swift; sourceTree = "<group>"; };
		BC42E0AA2C0B18BB008B7336 /* MypageView.swift */ = {isa = PBXFileReference; lastKnownFileType = sourcecode.swift; path = MypageView.swift; sourceTree = "<group>"; };
		BC42E0AD2C0B1AB6008B7336 /* IfTopBar.swift */ = {isa = PBXFileReference; lastKnownFileType = sourcecode.swift; path = IfTopBar.swift; sourceTree = "<group>"; };
		BC42E0AF2C0B1AE9008B7336 /* SegmentedControl.swift */ = {isa = PBXFileReference; lastKnownFileType = sourcecode.swift; path = SegmentedControl.swift; sourceTree = "<group>"; };
		BC42E0B12C0B1B9E008B7336 /* FloatingButton.swift */ = {isa = PBXFileReference; lastKnownFileType = sourcecode.swift; path = FloatingButton.swift; sourceTree = "<group>"; };
		BC42E0B42C0B1C30008B7336 /* MenuRow.swift */ = {isa = PBXFileReference; lastKnownFileType = sourcecode.swift; path = MenuRow.swift; sourceTree = "<group>"; };
		BC42E0B92C0B3547008B7336 /* LeafStorageView.swift */ = {isa = PBXFileReference; lastKnownFileType = sourcecode.swift; path = LeafStorageView.swift; sourceTree = "<group>"; };
		BC42E0BC2C0B3671008B7336 /* LeafSellRow.swift */ = {isa = PBXFileReference; lastKnownFileType = sourcecode.swift; path = LeafSellRow.swift; sourceTree = "<group>"; };
		BC42E0C82C0B427D008B7336 /* IPTextField.swift */ = {isa = PBXFileReference; lastKnownFileType = sourcecode.swift; path = IPTextField.swift; sourceTree = "<group>"; };
		BC42E0CA2C0B4311008B7336 /* Color+Extension.swift */ = {isa = PBXFileReference; lastKnownFileType = sourcecode.swift; path = "Color+Extension.swift"; sourceTree = "<group>"; };
		BC42E0CC2C0B4547008B7336 /* Constant.swift */ = {isa = PBXFileReference; lastKnownFileType = sourcecode.swift; path = Constant.swift; sourceTree = "<group>"; };
		BC42E0E02C0B4D7E008B7336 /* FloatingButton.swift */ = {isa = PBXFileReference; fileEncoding = 4; lastKnownFileType = sourcecode.swift; path = FloatingButton.swift; sourceTree = "<group>"; };
		BC42E0E12C0B4D7E008B7336 /* IfTopBar.swift */ = {isa = PBXFileReference; fileEncoding = 4; lastKnownFileType = sourcecode.swift; path = IfTopBar.swift; sourceTree = "<group>"; };
		BC42E0E22C0B4D7E008B7336 /* SegmentedControl.swift */ = {isa = PBXFileReference; fileEncoding = 4; lastKnownFileType = sourcecode.swift; path = SegmentedControl.swift; sourceTree = "<group>"; };
		BC42E0E42C0B4D7E008B7336 /* IfView.swift */ = {isa = PBXFileReference; fileEncoding = 4; lastKnownFileType = sourcecode.swift; path = IfView.swift; sourceTree = "<group>"; };
		BC42E0EA2C0B858D008B7336 /* MemberService.swift */ = {isa = PBXFileReference; lastKnownFileType = sourcecode.swift; path = MemberService.swift; sourceTree = "<group>"; };
		BC42E0EC2C0B8D06008B7336 /* Keyboard+Extension.swift */ = {isa = PBXFileReference; lastKnownFileType = sourcecode.swift; path = "Keyboard+Extension.swift"; sourceTree = "<group>"; };
		BC42E0EE2C0B8DB9008B7336 /* KeyboardHelper.swift */ = {isa = PBXFileReference; lastKnownFileType = sourcecode.swift; path = KeyboardHelper.swift; sourceTree = "<group>"; };
		BC653D5D2C0ADF190058AD4B /* IP-iOS.app */ = {isa = PBXFileReference; explicitFileType = wrapper.application; includeInIndex = 0; path = "IP-iOS.app"; sourceTree = BUILT_PRODUCTS_DIR; };
		BC653D602C0ADF1A0058AD4B /* AppDelegate.swift */ = {isa = PBXFileReference; lastKnownFileType = sourcecode.swift; path = AppDelegate.swift; sourceTree = "<group>"; };
		BC653D622C0ADF1A0058AD4B /* SceneDelegate.swift */ = {isa = PBXFileReference; lastKnownFileType = sourcecode.swift; path = SceneDelegate.swift; sourceTree = "<group>"; };
		BC653D642C0ADF1A0058AD4B /* ViewController.swift */ = {isa = PBXFileReference; lastKnownFileType = sourcecode.swift; path = ViewController.swift; sourceTree = "<group>"; };
		BC653D692C0ADF1B0058AD4B /* Assets.xcassets */ = {isa = PBXFileReference; lastKnownFileType = folder.assetcatalog; path = Assets.xcassets; sourceTree = "<group>"; };
		BC653D6C2C0ADF1B0058AD4B /* Base */ = {isa = PBXFileReference; lastKnownFileType = file.storyboard; name = Base; path = Base.lproj/LaunchScreen.storyboard; sourceTree = "<group>"; };
		BC653D6E2C0ADF1B0058AD4B /* Info.plist */ = {isa = PBXFileReference; lastKnownFileType = text.plist.xml; path = Info.plist; sourceTree = "<group>"; };
/* End PBXFileReference section */

/* Begin PBXFrameworksBuildPhase section */
		BC653D5A2C0ADF190058AD4B /* Frameworks */ = {
			isa = PBXFrameworksBuildPhase;
			buildActionMask = 2147483647;
			files = (
				BC246AF02C0AE0CD0071C358 /* SnapKit in Frameworks */,
				BC42E0862C0AEB60008B7336 /* IQKeyboardManagerSwift in Frameworks */,
				BC246AED2C0AE0B40071C358 /* Alamofire in Frameworks */,
				BC653D7B2C0ADF7C0058AD4B /* Then in Frameworks */,
			);
			runOnlyForDeploymentPostprocessing = 0;
		};
/* End PBXFrameworksBuildPhase section */

/* Begin PBXGroup section */
		561DD2362C0AF0F200C662E2 /* View */ = {
			isa = PBXGroup;
			children = (
				BC42E0C72C0B4259008B7336 /* Common */,
				BC42E0E52C0B4D7E008B7336 /* If */,
				BC42E0B62C0B3511008B7336 /* LeafStorageView */,
				BC42E0A92C0B1893008B7336 /* Mypage */,
				561DD2432C0B101900C662E2 /* Voting */,
				BC42E0922C0AFE7D008B7336 /* Extension */,
				BC42E0872C0AF30B008B7336 /* TabBar */,
				BC42E0882C0AF817008B7336 /* Onboarding */,
				642CB8562C0B0978001FC5D5 /* Home */,
			);
			path = View;
			sourceTree = "<group>";
		};
		561DD2372C0AF0F600C662E2 /* Service */ = {
			isa = PBXGroup;
			children = (
				561DD2382C0AF10600C662E2 /* ServiceTest.swift */,
				BC42E0EA2C0B858D008B7336 /* MemberService.swift */,
			);
			path = Service;
			sourceTree = "<group>";
		};
		561DD2432C0B101900C662E2 /* Voting */ = {
			isa = PBXGroup;
			children = (
				561DD2462C0B106800C662E2 /* AddVoting */,
			);
			path = Voting;
			sourceTree = "<group>";
		};
		561DD2462C0B106800C662E2 /* AddVoting */ = {
			isa = PBXGroup;
			children = (
				561DD2482C0B107500C662E2 /* View */,
				561DD2472C0B107000C662E2 /* ViewController */,
			);
			path = AddVoting;
			sourceTree = "<group>";
		};
		561DD2472C0B107000C662E2 /* ViewController */ = {
			isa = PBXGroup;
			children = (
				561DD24B2C0B108D00C662E2 /* AddVotingViewController.swift */,
			);
			path = ViewController;
			sourceTree = "<group>";
		};
		561DD2482C0B107500C662E2 /* View */ = {
			isa = PBXGroup;
			children = (
				561DD2492C0B107D00C662E2 /* AddVotingView.swift */,
			);
			path = View;
			sourceTree = "<group>";
		};
		642CB8542C0B0978001FC5D5 /* Vote */ = {
			isa = PBXGroup;
			children = (
				642CB8512C0B0978001FC5D5 /* VoteBody.swift */,
				642CB8522C0B0978001FC5D5 /* VoteCell.swift */,
				642CB8532C0B0978001FC5D5 /* VoteHeader.swift */,
			);
			path = Vote;
			sourceTree = "<group>";
		};
		642CB8562C0B0978001FC5D5 /* Home */ = {
			isa = PBXGroup;
			children = (
				642CB8612C0B3734001FC5D5 /* MySettingView */,
				642CB85E2C0B3337001FC5D5 /* VoteParticipated */,
				642CB85D2C0B1A58001FC5D5 /* VoteDetail */,
				642CB8542C0B0978001FC5D5 /* Vote */,
				642CB8552C0B0978001FC5D5 /* Home.swift */,
				642CB86A2C0B71EE001FC5D5 /* HomeViewHeader.swift */,
			);
			path = Home;
			sourceTree = "<group>";
		};
		642CB85D2C0B1A58001FC5D5 /* VoteDetail */ = {
			isa = PBXGroup;
			children = (
				642CB85B2C0B1595001FC5D5 /* VoteDetail.swift */,
			);
			path = VoteDetail;
			sourceTree = "<group>";
		};
		642CB85E2C0B3337001FC5D5 /* VoteParticipated */ = {
			isa = PBXGroup;
			children = (
				642CB85F2C0B3395001FC5D5 /* VoteParticipated.swift */,
			);
			path = VoteParticipated;
			sourceTree = "<group>";
		};
		642CB8612C0B3734001FC5D5 /* MySettingView */ = {
			isa = PBXGroup;
			children = (
				642CB8622C0B37B4001FC5D5 /* MySettingView.swift */,
				642CB8662C0B39BC001FC5D5 /* MySettingContent.swift */,
				642CB8682C0B3F4E001FC5D5 /* MySettingHeader.swift */,
			);
			path = MySettingView;
			sourceTree = "<group>";
		};
		BC42E0872C0AF30B008B7336 /* TabBar */ = {
			isa = PBXGroup;
			children = (
				561DD23A2C0AF10D00C662E2 /* TabBarController.swift */,
			);
			path = TabBar;
			sourceTree = "<group>";
		};
		BC42E0882C0AF817008B7336 /* Onboarding */ = {
			isa = PBXGroup;
			children = (
				BC42E0892C0AF878008B7336 /* OnboardingView.swift */,
			);
			path = Onboarding;
			sourceTree = "<group>";
		};
		BC42E08B2C0AFD94008B7336 /* Fonts */ = {
			isa = PBXGroup;
			children = (
				BC42E0952C0AFFA6008B7336 /* NotoSansKR-Black.ttf */,
				BC42E0982C0AFFA6008B7336 /* NotoSansKR-Bold.ttf */,
				BC42E0962C0AFFA6008B7336 /* NotoSansKR-ExtraBold.ttf */,
				BC42E0992C0AFFA7008B7336 /* NotoSansKR-ExtraLight.ttf */,
				BC42E09C2C0AFFA7008B7336 /* NotoSansKR-Light.ttf */,
				BC42E0972C0AFFA6008B7336 /* NotoSansKR-Medium.ttf */,
				BC42E09D2C0AFFA7008B7336 /* NotoSansKR-Regular.ttf */,
				BC42E09A2C0AFFA7008B7336 /* NotoSansKR-SemiBold.ttf */,
				BC42E09B2C0AFFA7008B7336 /* NotoSansKR-Thin.ttf */,
			);
			path = Fonts;
			sourceTree = "<group>";
		};
		BC42E0922C0AFE7D008B7336 /* Extension */ = {
			isa = PBXGroup;
			children = (
				BC42E0932C0AFE8D008B7336 /* Font+Extension.swift */,
				BC42E0CA2C0B4311008B7336 /* Color+Extension.swift */,
				BC42E0EC2C0B8D06008B7336 /* Keyboard+Extension.swift */,
			);
			path = Extension;
			sourceTree = "<group>";
		};
		BC42E0A92C0B1893008B7336 /* Mypage */ = {
			isa = PBXGroup;
			children = (
				BC42E0B32C0B1C1A008B7336 /* Component */,
				BC42E0AA2C0B18BB008B7336 /* MypageView.swift */,
			);
			path = Mypage;
			sourceTree = "<group>";
		};
		BC42E0B32C0B1C1A008B7336 /* Component */ = {
			isa = PBXGroup;
			children = (
				BC42E0B42C0B1C30008B7336 /* MenuRow.swift */,
			);
			path = Component;
			sourceTree = "<group>";
		};
		BC42E0B62C0B3511008B7336 /* LeafStorageView */ = {
			isa = PBXGroup;
			children = (
				BC42E0BB2C0B3652008B7336 /* Component */,
				BC42E0B92C0B3547008B7336 /* LeafStorageView.swift */,
			);
			path = LeafStorageView;
			sourceTree = "<group>";
		};
		BC42E0BB2C0B3652008B7336 /* Component */ = {
			isa = PBXGroup;
			children = (
				BC42E0BC2C0B3671008B7336 /* LeafSellRow.swift */,
			);
			path = Component;
			sourceTree = "<group>";
		};
		BC42E0C72C0B4259008B7336 /* Common */ = {
			isa = PBXGroup;
			children = (
				BC42E0C82C0B427D008B7336 /* IPTextField.swift */,
				BC42E0CC2C0B4547008B7336 /* Constant.swift */,
				BC42E0EE2C0B8DB9008B7336 /* KeyboardHelper.swift */,
			);
			path = Common;
			sourceTree = "<group>";
		};
		BC42E0CF2C0B4A04008B7336 /* Recovered References */ = {
			isa = PBXGroup;
			children = (
				BC42E0A42C0B0D5B008B7336 /* IfView.swift */,
				BC42E0AD2C0B1AB6008B7336 /* IfTopBar.swift */,
				BC42E0AF2C0B1AE9008B7336 /* SegmentedControl.swift */,
				BC42E0B12C0B1B9E008B7336 /* FloatingButton.swift */,
			);
			name = "Recovered References";
			sourceTree = "<group>";
		};
		BC42E0E32C0B4D7E008B7336 /* Component */ = {
			isa = PBXGroup;
			children = (
				BC42E0E02C0B4D7E008B7336 /* FloatingButton.swift */,
				BC42E0E12C0B4D7E008B7336 /* IfTopBar.swift */,
				BC42E0E22C0B4D7E008B7336 /* SegmentedControl.swift */,
			);
			path = Component;
			sourceTree = "<group>";
		};
		BC42E0E52C0B4D7E008B7336 /* If */ = {
			isa = PBXGroup;
			children = (
				BC42E0E32C0B4D7E008B7336 /* Component */,
				BC42E0E42C0B4D7E008B7336 /* IfView.swift */,
			);
			path = If;
			sourceTree = "<group>";
		};
		BC653D542C0ADF190058AD4B = {
			isa = PBXGroup;
			children = (
				BC653D5F2C0ADF1A0058AD4B /* IP-iOS */,
				BC653D5E2C0ADF190058AD4B /* Products */,
				BC42E0CF2C0B4A04008B7336 /* Recovered References */,
			);
			sourceTree = "<group>";
		};
		BC653D5E2C0ADF190058AD4B /* Products */ = {
			isa = PBXGroup;
			children = (
				BC653D5D2C0ADF190058AD4B /* IP-iOS.app */,
			);
			name = Products;
			sourceTree = "<group>";
		};
		BC653D5F2C0ADF1A0058AD4B /* IP-iOS */ = {
			isa = PBXGroup;
			children = (
				BC653D622C0ADF1A0058AD4B /* SceneDelegate.swift */,
				BC653D602C0ADF1A0058AD4B /* AppDelegate.swift */,
				BC653D642C0ADF1A0058AD4B /* ViewController.swift */,
				BC653D692C0ADF1B0058AD4B /* Assets.xcassets */,
				BC653D6B2C0ADF1B0058AD4B /* LaunchScreen.storyboard */,
				BC653D6E2C0ADF1B0058AD4B /* Info.plist */,
				BC42E08B2C0AFD94008B7336 /* Fonts */,
				561DD2372C0AF0F600C662E2 /* Service */,
				561DD2362C0AF0F200C662E2 /* View */,
			);
			path = "IP-iOS";
			sourceTree = "<group>";
		};
/* End PBXGroup section */

/* Begin PBXNativeTarget section */
		BC653D5C2C0ADF190058AD4B /* IP-iOS */ = {
			isa = PBXNativeTarget;
			buildConfigurationList = BC653D712C0ADF1B0058AD4B /* Build configuration list for PBXNativeTarget "IP-iOS" */;
			buildPhases = (
				BC653D592C0ADF190058AD4B /* Sources */,
				BC653D5A2C0ADF190058AD4B /* Frameworks */,
				BC653D5B2C0ADF190058AD4B /* Resources */,
			);
			buildRules = (
			);
			dependencies = (
			);
			name = "IP-iOS";
			packageProductDependencies = (
				BC653D7A2C0ADF7C0058AD4B /* Then */,
				BC246AEC2C0AE0B40071C358 /* Alamofire */,
				BC246AEF2C0AE0CD0071C358 /* SnapKit */,
				BC42E0852C0AEB60008B7336 /* IQKeyboardManagerSwift */,
			);
			productName = "IP-iOS";
			productReference = BC653D5D2C0ADF190058AD4B /* IP-iOS.app */;
			productType = "com.apple.product-type.application";
		};
/* End PBXNativeTarget section */

/* Begin PBXProject section */
		BC653D552C0ADF190058AD4B /* Project object */ = {
			isa = PBXProject;
			attributes = {
				BuildIndependentTargetsInParallel = 1;
				LastSwiftUpdateCheck = 1540;
				LastUpgradeCheck = 1540;
				TargetAttributes = {
					BC653D5C2C0ADF190058AD4B = {
						CreatedOnToolsVersion = 15.4;
					};
				};
			};
			buildConfigurationList = BC653D582C0ADF190058AD4B /* Build configuration list for PBXProject "IP-iOS" */;
			compatibilityVersion = "Xcode 14.0";
			developmentRegion = en;
			hasScannedForEncodings = 0;
			knownRegions = (
				en,
				Base,
			);
			mainGroup = BC653D542C0ADF190058AD4B;
			packageReferences = (
				BC653D792C0ADF7C0058AD4B /* XCRemoteSwiftPackageReference "Then" */,
				BC246AEB2C0AE0B40071C358 /* XCRemoteSwiftPackageReference "Alamofire" */,
				BC246AEE2C0AE0CD0071C358 /* XCRemoteSwiftPackageReference "SnapKit" */,
				BC42E0842C0AEB60008B7336 /* XCRemoteSwiftPackageReference "IQKeyboardManager" */,
			);
			productRefGroup = BC653D5E2C0ADF190058AD4B /* Products */;
			projectDirPath = "";
			projectRoot = "";
			targets = (
				BC653D5C2C0ADF190058AD4B /* IP-iOS */,
			);
		};
/* End PBXProject section */

/* Begin PBXResourcesBuildPhase section */
		BC653D5B2C0ADF190058AD4B /* Resources */ = {
			isa = PBXResourcesBuildPhase;
			buildActionMask = 2147483647;
			files = (
				BC42E0BE2C0B3F90008B7336 /* NotoSansKR-Black.ttf in Resources */,
				BC42E0BF2C0B3F90008B7336 /* NotoSansKR-Bold.ttf in Resources */,
				BC42E0C02C0B3F90008B7336 /* NotoSansKR-ExtraBold.ttf in Resources */,
				BC42E0C12C0B3F90008B7336 /* NotoSansKR-ExtraLight.ttf in Resources */,
				BC42E0C22C0B3F90008B7336 /* NotoSansKR-Light.ttf in Resources */,
				BC42E0C32C0B3F90008B7336 /* NotoSansKR-Medium.ttf in Resources */,
				BC42E0C42C0B3F90008B7336 /* NotoSansKR-Regular.ttf in Resources */,
				BC42E0C52C0B3F90008B7336 /* NotoSansKR-SemiBold.ttf in Resources */,
				BC42E0C62C0B3F90008B7336 /* NotoSansKR-Thin.ttf in Resources */,
				BC653D6A2C0ADF1B0058AD4B /* Assets.xcassets in Resources */,
				BC653D6D2C0ADF1B0058AD4B /* Base in Resources */,
			);
			runOnlyForDeploymentPostprocessing = 0;
		};
/* End PBXResourcesBuildPhase section */

/* Begin PBXSourcesBuildPhase section */
		BC653D592C0ADF190058AD4B /* Sources */ = {
			isa = PBXSourcesBuildPhase;
			buildActionMask = 2147483647;
			files = (
				561DD23B2C0AF10D00C662E2 /* TabBarController.swift in Sources */,
				BC42E0CB2C0B4311008B7336 /* Color+Extension.swift in Sources */,
				BC42E0E62C0B4D7E008B7336 /* FloatingButton.swift in Sources */,
				642CB8572C0B0978001FC5D5 /* VoteBody.swift in Sources */,
				642CB8592C0B0978001FC5D5 /* VoteHeader.swift in Sources */,
				BC42E0C92C0B427D008B7336 /* IPTextField.swift in Sources */,
				BC42E0E72C0B4D7E008B7336 /* IfTopBar.swift in Sources */,
				BC653D652C0ADF1A0058AD4B /* ViewController.swift in Sources */,
				642CB85A2C0B0978001FC5D5 /* Home.swift in Sources */,
				561DD24A2C0B107D00C662E2 /* AddVotingView.swift in Sources */,
				561DD24C2C0B108D00C662E2 /* AddVotingViewController.swift in Sources */,
				561DD2392C0AF10600C662E2 /* ServiceTest.swift in Sources */,
				BC42E0ED2C0B8D06008B7336 /* Keyboard+Extension.swift in Sources */,
				642CB85C2C0B1595001FC5D5 /* VoteDetail.swift in Sources */,
				BC42E08A2C0AF878008B7336 /* OnboardingView.swift in Sources */,
				642CB8602C0B3395001FC5D5 /* VoteParticipated.swift in Sources */,
				BC42E0BA2C0B3547008B7336 /* LeafStorageView.swift in Sources */,
				642CB86B2C0B71EE001FC5D5 /* HomeViewHeader.swift in Sources */,
				BC42E0BD2C0B3671008B7336 /* LeafSellRow.swift in Sources */,
				BC653D612C0ADF1A0058AD4B /* AppDelegate.swift in Sources */,
				BC42E0AB2C0B18BB008B7336 /* MypageView.swift in Sources */,
				BC42E0E92C0B4D7E008B7336 /* IfView.swift in Sources */,
				BC42E0942C0AFE8D008B7336 /* Font+Extension.swift in Sources */,
				BC42E0EB2C0B858D008B7336 /* MemberService.swift in Sources */,
				BC42E0B52C0B1C30008B7336 /* MenuRow.swift in Sources */,
				BC653D632C0ADF1A0058AD4B /* SceneDelegate.swift in Sources */,
				642CB8632C0B37B4001FC5D5 /* MySettingView.swift in Sources */,
				BC42E0EF2C0B8DB9008B7336 /* KeyboardHelper.swift in Sources */,
				BC42E0E82C0B4D7E008B7336 /* SegmentedControl.swift in Sources */,
				BC42E0CD2C0B4547008B7336 /* Constant.swift in Sources */,
				642CB8582C0B0978001FC5D5 /* VoteCell.swift in Sources */,
				642CB8672C0B39BC001FC5D5 /* MySettingContent.swift in Sources */,
				642CB8692C0B3F4E001FC5D5 /* MySettingHeader.swift in Sources */,
			);
			runOnlyForDeploymentPostprocessing = 0;
		};
/* End PBXSourcesBuildPhase section */

/* Begin PBXVariantGroup section */
		BC653D6B2C0ADF1B0058AD4B /* LaunchScreen.storyboard */ = {
			isa = PBXVariantGroup;
			children = (
				BC653D6C2C0ADF1B0058AD4B /* Base */,
			);
			name = LaunchScreen.storyboard;
			sourceTree = "<group>";
		};
/* End PBXVariantGroup section */

/* Begin XCBuildConfiguration section */
		BC653D6F2C0ADF1B0058AD4B /* Debug */ = {
			isa = XCBuildConfiguration;
			buildSettings = {
				ALWAYS_SEARCH_USER_PATHS = NO;
				ASSETCATALOG_COMPILER_GENERATE_SWIFT_ASSET_SYMBOL_EXTENSIONS = YES;
				CLANG_ANALYZER_NONNULL = YES;
				CLANG_ANALYZER_NUMBER_OBJECT_CONVERSION = YES_AGGRESSIVE;
				CLANG_CXX_LANGUAGE_STANDARD = "gnu++20";
				CLANG_ENABLE_MODULES = YES;
				CLANG_ENABLE_OBJC_ARC = YES;
				CLANG_ENABLE_OBJC_WEAK = YES;
				CLANG_WARN_BLOCK_CAPTURE_AUTORELEASING = YES;
				CLANG_WARN_BOOL_CONVERSION = YES;
				CLANG_WARN_COMMA = YES;
				CLANG_WARN_CONSTANT_CONVERSION = YES;
				CLANG_WARN_DEPRECATED_OBJC_IMPLEMENTATIONS = YES;
				CLANG_WARN_DIRECT_OBJC_ISA_USAGE = YES_ERROR;
				CLANG_WARN_DOCUMENTATION_COMMENTS = YES;
				CLANG_WARN_EMPTY_BODY = YES;
				CLANG_WARN_ENUM_CONVERSION = YES;
				CLANG_WARN_INFINITE_RECURSION = YES;
				CLANG_WARN_INT_CONVERSION = YES;
				CLANG_WARN_NON_LITERAL_NULL_CONVERSION = YES;
				CLANG_WARN_OBJC_IMPLICIT_RETAIN_SELF = YES;
				CLANG_WARN_OBJC_LITERAL_CONVERSION = YES;
				CLANG_WARN_OBJC_ROOT_CLASS = YES_ERROR;
				CLANG_WARN_QUOTED_INCLUDE_IN_FRAMEWORK_HEADER = YES;
				CLANG_WARN_RANGE_LOOP_ANALYSIS = YES;
				CLANG_WARN_STRICT_PROTOTYPES = YES;
				CLANG_WARN_SUSPICIOUS_MOVE = YES;
				CLANG_WARN_UNGUARDED_AVAILABILITY = YES_AGGRESSIVE;
				CLANG_WARN_UNREACHABLE_CODE = YES;
				CLANG_WARN__DUPLICATE_METHOD_MATCH = YES;
				COPY_PHASE_STRIP = NO;
				DEBUG_INFORMATION_FORMAT = dwarf;
				ENABLE_STRICT_OBJC_MSGSEND = YES;
				ENABLE_TESTABILITY = YES;
				ENABLE_USER_SCRIPT_SANDBOXING = YES;
				GCC_C_LANGUAGE_STANDARD = gnu17;
				GCC_DYNAMIC_NO_PIC = NO;
				GCC_NO_COMMON_BLOCKS = YES;
				GCC_OPTIMIZATION_LEVEL = 0;
				GCC_PREPROCESSOR_DEFINITIONS = (
					"DEBUG=1",
					"$(inherited)",
				);
				GCC_WARN_64_TO_32_BIT_CONVERSION = YES;
				GCC_WARN_ABOUT_RETURN_TYPE = YES_ERROR;
				GCC_WARN_UNDECLARED_SELECTOR = YES;
				GCC_WARN_UNINITIALIZED_AUTOS = YES_AGGRESSIVE;
				GCC_WARN_UNUSED_FUNCTION = YES;
				GCC_WARN_UNUSED_VARIABLE = YES;
				IPHONEOS_DEPLOYMENT_TARGET = 17.0;
				LOCALIZATION_PREFERS_STRING_CATALOGS = YES;
				MTL_ENABLE_DEBUG_INFO = INCLUDE_SOURCE;
				MTL_FAST_MATH = YES;
				ONLY_ACTIVE_ARCH = YES;
				SDKROOT = iphoneos;
				SWIFT_ACTIVE_COMPILATION_CONDITIONS = "DEBUG $(inherited)";
				SWIFT_OPTIMIZATION_LEVEL = "-Onone";
			};
			name = Debug;
		};
		BC653D702C0ADF1B0058AD4B /* Release */ = {
			isa = XCBuildConfiguration;
			buildSettings = {
				ALWAYS_SEARCH_USER_PATHS = NO;
				ASSETCATALOG_COMPILER_GENERATE_SWIFT_ASSET_SYMBOL_EXTENSIONS = YES;
				CLANG_ANALYZER_NONNULL = YES;
				CLANG_ANALYZER_NUMBER_OBJECT_CONVERSION = YES_AGGRESSIVE;
				CLANG_CXX_LANGUAGE_STANDARD = "gnu++20";
				CLANG_ENABLE_MODULES = YES;
				CLANG_ENABLE_OBJC_ARC = YES;
				CLANG_ENABLE_OBJC_WEAK = YES;
				CLANG_WARN_BLOCK_CAPTURE_AUTORELEASING = YES;
				CLANG_WARN_BOOL_CONVERSION = YES;
				CLANG_WARN_COMMA = YES;
				CLANG_WARN_CONSTANT_CONVERSION = YES;
				CLANG_WARN_DEPRECATED_OBJC_IMPLEMENTATIONS = YES;
				CLANG_WARN_DIRECT_OBJC_ISA_USAGE = YES_ERROR;
				CLANG_WARN_DOCUMENTATION_COMMENTS = YES;
				CLANG_WARN_EMPTY_BODY = YES;
				CLANG_WARN_ENUM_CONVERSION = YES;
				CLANG_WARN_INFINITE_RECURSION = YES;
				CLANG_WARN_INT_CONVERSION = YES;
				CLANG_WARN_NON_LITERAL_NULL_CONVERSION = YES;
				CLANG_WARN_OBJC_IMPLICIT_RETAIN_SELF = YES;
				CLANG_WARN_OBJC_LITERAL_CONVERSION = YES;
				CLANG_WARN_OBJC_ROOT_CLASS = YES_ERROR;
				CLANG_WARN_QUOTED_INCLUDE_IN_FRAMEWORK_HEADER = YES;
				CLANG_WARN_RANGE_LOOP_ANALYSIS = YES;
				CLANG_WARN_STRICT_PROTOTYPES = YES;
				CLANG_WARN_SUSPICIOUS_MOVE = YES;
				CLANG_WARN_UNGUARDED_AVAILABILITY = YES_AGGRESSIVE;
				CLANG_WARN_UNREACHABLE_CODE = YES;
				CLANG_WARN__DUPLICATE_METHOD_MATCH = YES;
				COPY_PHASE_STRIP = NO;
				DEBUG_INFORMATION_FORMAT = "dwarf-with-dsym";
				ENABLE_NS_ASSERTIONS = NO;
				ENABLE_STRICT_OBJC_MSGSEND = YES;
				ENABLE_USER_SCRIPT_SANDBOXING = YES;
				GCC_C_LANGUAGE_STANDARD = gnu17;
				GCC_NO_COMMON_BLOCKS = YES;
				GCC_WARN_64_TO_32_BIT_CONVERSION = YES;
				GCC_WARN_ABOUT_RETURN_TYPE = YES_ERROR;
				GCC_WARN_UNDECLARED_SELECTOR = YES;
				GCC_WARN_UNINITIALIZED_AUTOS = YES_AGGRESSIVE;
				GCC_WARN_UNUSED_FUNCTION = YES;
				GCC_WARN_UNUSED_VARIABLE = YES;
				IPHONEOS_DEPLOYMENT_TARGET = 17.0;
				LOCALIZATION_PREFERS_STRING_CATALOGS = YES;
				MTL_ENABLE_DEBUG_INFO = NO;
				MTL_FAST_MATH = YES;
				SDKROOT = iphoneos;
				SWIFT_COMPILATION_MODE = wholemodule;
				VALIDATE_PRODUCT = YES;
			};
			name = Release;
		};
		BC653D722C0ADF1B0058AD4B /* Debug */ = {
			isa = XCBuildConfiguration;
			buildSettings = {
				ASSETCATALOG_COMPILER_APPICON_NAME = AppIcon;
				ASSETCATALOG_COMPILER_GLOBAL_ACCENT_COLOR_NAME = AccentColor;
				CODE_SIGN_STYLE = Automatic;
				CURRENT_PROJECT_VERSION = 1;
				DEVELOPMENT_TEAM = N8MX74Y447;
				GENERATE_INFOPLIST_FILE = YES;
				INFOPLIST_FILE = "IP-iOS/Info.plist";
				INFOPLIST_KEY_UIApplicationSupportsIndirectInputEvents = YES;
				INFOPLIST_KEY_UILaunchStoryboardName = LaunchScreen;
				INFOPLIST_KEY_UISupportedInterfaceOrientations = UIInterfaceOrientationPortrait;
				INFOPLIST_KEY_UISupportedInterfaceOrientations_iPad = "UIInterfaceOrientationLandscapeLeft UIInterfaceOrientationLandscapeRight UIInterfaceOrientationPortrait UIInterfaceOrientationPortraitUpsideDown";
				LD_RUNPATH_SEARCH_PATHS = (
					"$(inherited)",
					"@executable_path/Frameworks",
				);
				MARKETING_VERSION = 1.0;
				PRODUCT_BUNDLE_IDENTIFIER = "doyeon.IP-iOS";
				PRODUCT_NAME = "$(TARGET_NAME)";
				SUPPORTED_PLATFORMS = "iphoneos iphonesimulator";
				SUPPORTS_MACCATALYST = NO;
				SUPPORTS_MAC_DESIGNED_FOR_IPHONE_IPAD = NO;
				SUPPORTS_XR_DESIGNED_FOR_IPHONE_IPAD = NO;
				SWIFT_EMIT_LOC_STRINGS = YES;
				SWIFT_VERSION = 5.0;
				TARGETED_DEVICE_FAMILY = 1;
			};
			name = Debug;
		};
		BC653D732C0ADF1B0058AD4B /* Release */ = {
			isa = XCBuildConfiguration;
			buildSettings = {
				ASSETCATALOG_COMPILER_APPICON_NAME = AppIcon;
				ASSETCATALOG_COMPILER_GLOBAL_ACCENT_COLOR_NAME = AccentColor;
				CODE_SIGN_STYLE = Automatic;
				CURRENT_PROJECT_VERSION = 1;
				DEVELOPMENT_TEAM = N8MX74Y447;
				GENERATE_INFOPLIST_FILE = YES;
				INFOPLIST_FILE = "IP-iOS/Info.plist";
				INFOPLIST_KEY_UIApplicationSupportsIndirectInputEvents = YES;
				INFOPLIST_KEY_UILaunchStoryboardName = LaunchScreen;
				INFOPLIST_KEY_UISupportedInterfaceOrientations = UIInterfaceOrientationPortrait;
				INFOPLIST_KEY_UISupportedInterfaceOrientations_iPad = "UIInterfaceOrientationLandscapeLeft UIInterfaceOrientationLandscapeRight UIInterfaceOrientationPortrait UIInterfaceOrientationPortraitUpsideDown";
				LD_RUNPATH_SEARCH_PATHS = (
					"$(inherited)",
					"@executable_path/Frameworks",
				);
				MARKETING_VERSION = 1.0;
				PRODUCT_BUNDLE_IDENTIFIER = "doyeon.IP-iOS";
				PRODUCT_NAME = "$(TARGET_NAME)";
				SUPPORTED_PLATFORMS = "iphoneos iphonesimulator";
				SUPPORTS_MACCATALYST = NO;
				SUPPORTS_MAC_DESIGNED_FOR_IPHONE_IPAD = NO;
				SUPPORTS_XR_DESIGNED_FOR_IPHONE_IPAD = NO;
				SWIFT_EMIT_LOC_STRINGS = YES;
				SWIFT_VERSION = 5.0;
				TARGETED_DEVICE_FAMILY = 1;
			};
			name = Release;
		};
/* End XCBuildConfiguration section */

/* Begin XCConfigurationList section */
		BC653D582C0ADF190058AD4B /* Build configuration list for PBXProject "IP-iOS" */ = {
			isa = XCConfigurationList;
			buildConfigurations = (
				BC653D6F2C0ADF1B0058AD4B /* Debug */,
				BC653D702C0ADF1B0058AD4B /* Release */,
			);
			defaultConfigurationIsVisible = 0;
			defaultConfigurationName = Release;
		};
		BC653D712C0ADF1B0058AD4B /* Build configuration list for PBXNativeTarget "IP-iOS" */ = {
			isa = XCConfigurationList;
			buildConfigurations = (
				BC653D722C0ADF1B0058AD4B /* Debug */,
				BC653D732C0ADF1B0058AD4B /* Release */,
			);
			defaultConfigurationIsVisible = 0;
			defaultConfigurationName = Release;
		};
/* End XCConfigurationList section */

/* Begin XCRemoteSwiftPackageReference section */
		BC246AEB2C0AE0B40071C358 /* XCRemoteSwiftPackageReference "Alamofire" */ = {
			isa = XCRemoteSwiftPackageReference;
			repositoryURL = "https://github.com/Alamofire/Alamofire.git";
			requirement = {
				kind = upToNextMajorVersion;
				minimumVersion = 5.9.1;
			};
		};
		BC246AEE2C0AE0CD0071C358 /* XCRemoteSwiftPackageReference "SnapKit" */ = {
			isa = XCRemoteSwiftPackageReference;
			repositoryURL = "https://github.com/SnapKit/SnapKit.git";
			requirement = {
				kind = upToNextMajorVersion;
				minimumVersion = 5.7.1;
			};
		};
		BC42E0842C0AEB60008B7336 /* XCRemoteSwiftPackageReference "IQKeyboardManager" */ = {
			isa = XCRemoteSwiftPackageReference;
			repositoryURL = "https://github.com/hackiftekhar/IQKeyboardManager";
			requirement = {
				kind = upToNextMajorVersion;
				minimumVersion = 7.0.3;
			};
		};
		BC653D792C0ADF7C0058AD4B /* XCRemoteSwiftPackageReference "Then" */ = {
			isa = XCRemoteSwiftPackageReference;
			repositoryURL = "https://github.com/devxoul/Then.git";
			requirement = {
				kind = upToNextMajorVersion;
				minimumVersion = 3.0.0;
			};
		};
/* End XCRemoteSwiftPackageReference section */

/* Begin XCSwiftPackageProductDependency section */
		BC246AEC2C0AE0B40071C358 /* Alamofire */ = {
			isa = XCSwiftPackageProductDependency;
			package = BC246AEB2C0AE0B40071C358 /* XCRemoteSwiftPackageReference "Alamofire" */;
			productName = Alamofire;
		};
		BC246AEF2C0AE0CD0071C358 /* SnapKit */ = {
			isa = XCSwiftPackageProductDependency;
			package = BC246AEE2C0AE0CD0071C358 /* XCRemoteSwiftPackageReference "SnapKit" */;
			productName = SnapKit;
		};
		BC42E0852C0AEB60008B7336 /* IQKeyboardManagerSwift */ = {
			isa = XCSwiftPackageProductDependency;
			package = BC42E0842C0AEB60008B7336 /* XCRemoteSwiftPackageReference "IQKeyboardManager" */;
			productName = IQKeyboardManagerSwift;
		};
		BC653D7A2C0ADF7C0058AD4B /* Then */ = {
			isa = XCSwiftPackageProductDependency;
			package = BC653D792C0ADF7C0058AD4B /* XCRemoteSwiftPackageReference "Then" */;
			productName = Then;
		};
/* End XCSwiftPackageProductDependency section */
	};
	rootObject = BC653D552C0ADF190058AD4B /* Project object */;
}
