// !$*UTF8*$!
{
	archiveVersion = 1;
	classes = {
	};
	objectVersion = 56;
	objects = {

/* Begin PBXBuildFile section */
		561DD2392C0AF10600C662E2 /* ServiceTest.swift in Sources */ = {isa = PBXBuildFile; fileRef = 561DD2382C0AF10600C662E2 /* ServiceTest.swift */; };
		561DD23B2C0AF10D00C662E2 /* ViewTest.swift in Sources */ = {isa = PBXBuildFile; fileRef = 561DD23A2C0AF10D00C662E2 /* ViewTest.swift */; };
		BC246AED2C0AE0B40071C358 /* Alamofire in Frameworks */ = {isa = PBXBuildFile; productRef = BC246AEC2C0AE0B40071C358 /* Alamofire */; };
		BC246AF02C0AE0CD0071C358 /* SnapKit in Frameworks */ = {isa = PBXBuildFile; productRef = BC246AEF2C0AE0CD0071C358 /* SnapKit */; };
		BC42E0862C0AEB60008B7336 /* IQKeyboardManagerSwift in Frameworks */ = {isa = PBXBuildFile; productRef = BC42E0852C0AEB60008B7336 /* IQKeyboardManagerSwift */; };
		BC653D612C0ADF1A0058AD4B /* AppDelegate.swift in Sources */ = {isa = PBXBuildFile; fileRef = BC653D602C0ADF1A0058AD4B /* AppDelegate.swift */; };
		BC653D632C0ADF1A0058AD4B /* SceneDelegate.swift in Sources */ = {isa = PBXBuildFile; fileRef = BC653D622C0ADF1A0058AD4B /* SceneDelegate.swift */; };
		BC653D652C0ADF1A0058AD4B /* ViewController.swift in Sources */ = {isa = PBXBuildFile; fileRef = BC653D642C0ADF1A0058AD4B /* ViewController.swift */; };
		BC653D6A2C0ADF1B0058AD4B /* Assets.xcassets in Resources */ = {isa = PBXBuildFile; fileRef = BC653D692C0ADF1B0058AD4B /* Assets.xcassets */; };
		BC653D6D2C0ADF1B0058AD4B /* Base in Resources */ = {isa = PBXBuildFile; fileRef = BC653D6C2C0ADF1B0058AD4B /* Base */; };
		BC653D7B2C0ADF7C0058AD4B /* Then in Frameworks */ = {isa = PBXBuildFile; productRef = BC653D7A2C0ADF7C0058AD4B /* Then */; };
/* End PBXBuildFile section */

/* Begin PBXFileReference section */
		561DD2382C0AF10600C662E2 /* ServiceTest.swift */ = {isa = PBXFileReference; lastKnownFileType = sourcecode.swift; path = ServiceTest.swift; sourceTree = "<group>"; };
		561DD23A2C0AF10D00C662E2 /* ViewTest.swift */ = {isa = PBXFileReference; lastKnownFileType = sourcecode.swift; path = ViewTest.swift; sourceTree = "<group>"; };
		BC653D5D2C0ADF190058AD4B /* IP-iOS.app */ = {isa = PBXFileReference; explicitFileType = wrapper.application; includeInIndex = 0; path = "IP-iOS.app"; sourceTree = BUILT_PRODUCTS_DIR; };
		BC653D602C0ADF1A0058AD4B /* AppDelegate.swift */ = {isa = PBXFileReference; lastKnownFileType = sourcecode.swift; path = AppDelegate.swift; sourceTree = "<group>"; };
		BC653D622C0ADF1A0058AD4B /* SceneDelegate.swift */ = {isa = PBXFileReference; lastKnownFileType = sourcecode.swift; path = SceneDelegate.swift; sourceTree = "<group>"; };
		BC653D642C0ADF1A0058AD4B /* ViewController.swift */ = {isa = PBXFileReference; lastKnownFileType = sourcecode.swift; path = ViewController.swift; sourceTree = "<group>"; };
		BC653D692C0ADF1B0058AD4B /* Assets.xcassets */ = {isa = PBXFileReference; lastKnownFileType = folder.assetcatalog; path = Assets.xcassets; sourceTree = "<group>"; };
		BC653D6C2C0ADF1B0058AD4B /* Base */ = {isa = PBXFileReference; lastKnownFileType = file.storyboard; name = Base; path = Base.lproj/LaunchScreen.storyboard; sourceTree = "<group>"; };
		BC653D6E2C0ADF1B0058AD4B /* Info.plist */ = {isa = PBXFileReference; lastKnownFileType = text.plist.xml; path = Info.plist; sourceTree = "<group>"; };
/* End PBXFileReference section */

/* Begin PBXFrameworksBuildPhase section */
		BC653D5A2C0ADF190058AD4B /* Frameworks */ = {
			isa = PBXFrameworksBuildPhase;
			buildActionMask = 2147483647;
			files = (
				BC246AF02C0AE0CD0071C358 /* SnapKit in Frameworks */,
				BC42E0862C0AEB60008B7336 /* IQKeyboardManagerSwift in Frameworks */,
				BC246AED2C0AE0B40071C358 /* Alamofire in Frameworks */,
				BC653D7B2C0ADF7C0058AD4B /* Then in Frameworks */,
			);
			runOnlyForDeploymentPostprocessing = 0;
		};
/* End PBXFrameworksBuildPhase section */

/* Begin PBXGroup section */
		561DD2362C0AF0F200C662E2 /* View */ = {
			isa = PBXGroup;
			children = (
				561DD23A2C0AF10D00C662E2 /* ViewTest.swift */,
			);
			path = View;
			sourceTree = "<group>";
		};
		561DD2372C0AF0F600C662E2 /* Service */ = {
			isa = PBXGroup;
			children = (
				561DD2382C0AF10600C662E2 /* ServiceTest.swift */,
			);
			path = Service;
			sourceTree = "<group>";
		};
		BC653D542C0ADF190058AD4B = {
			isa = PBXGroup;
			children = (
				BC653D5F2C0ADF1A0058AD4B /* IP-iOS */,
				BC653D5E2C0ADF190058AD4B /* Products */,
			);
			sourceTree = "<group>";
		};
		BC653D5E2C0ADF190058AD4B /* Products */ = {
			isa = PBXGroup;
			children = (
				BC653D5D2C0ADF190058AD4B /* IP-iOS.app */,
			);
			name = Products;
			sourceTree = "<group>";
		};
		BC653D5F2C0ADF1A0058AD4B /* IP-iOS */ = {
			isa = PBXGroup;
			children = (
				561DD2372C0AF0F600C662E2 /* Service */,
				561DD2362C0AF0F200C662E2 /* View */,
				BC653D602C0ADF1A0058AD4B /* AppDelegate.swift */,
				BC653D622C0ADF1A0058AD4B /* SceneDelegate.swift */,
				BC653D642C0ADF1A0058AD4B /* ViewController.swift */,
				BC653D692C0ADF1B0058AD4B /* Assets.xcassets */,
				BC653D6B2C0ADF1B0058AD4B /* LaunchScreen.storyboard */,
				BC653D6E2C0ADF1B0058AD4B /* Info.plist */,
			);
			path = "IP-iOS";
			sourceTree = "<group>";
		};
/* End PBXGroup section */

/* Begin PBXNativeTarget section */
		BC653D5C2C0ADF190058AD4B /* IP-iOS */ = {
			isa = PBXNativeTarget;
			buildConfigurationList = BC653D712C0ADF1B0058AD4B /* Build configuration list for PBXNativeTarget "IP-iOS" */;
			buildPhases = (
				BC653D592C0ADF190058AD4B /* Sources */,
				BC653D5A2C0ADF190058AD4B /* Frameworks */,
				BC653D5B2C0ADF190058AD4B /* Resources */,
			);
			buildRules = (
			);
			dependencies = (
			);
			name = "IP-iOS";
			packageProductDependencies = (
				BC653D7A2C0ADF7C0058AD4B /* Then */,
				BC246AEC2C0AE0B40071C358 /* Alamofire */,
				BC246AEF2C0AE0CD0071C358 /* SnapKit */,
				BC42E0852C0AEB60008B7336 /* IQKeyboardManagerSwift */,
			);
			productName = "IP-iOS";
			productReference = BC653D5D2C0ADF190058AD4B /* IP-iOS.app */;
			productType = "com.apple.product-type.application";
		};
/* End PBXNativeTarget section */

/* Begin PBXProject section */
		BC653D552C0ADF190058AD4B /* Project object */ = {
			isa = PBXProject;
			attributes = {
				BuildIndependentTargetsInParallel = 1;
				LastSwiftUpdateCheck = 1540;
				LastUpgradeCheck = 1540;
				TargetAttributes = {
					BC653D5C2C0ADF190058AD4B = {
						CreatedOnToolsVersion = 15.4;
					};
				};
			};
			buildConfigurationList = BC653D582C0ADF190058AD4B /* Build configuration list for PBXProject "IP-iOS" */;
			compatibilityVersion = "Xcode 14.0";
			developmentRegion = en;
			hasScannedForEncodings = 0;
			knownRegions = (
				en,
				Base,
			);
			mainGroup = BC653D542C0ADF190058AD4B;
			packageReferences = (
				BC653D792C0ADF7C0058AD4B /* XCRemoteSwiftPackageReference "Then" */,
				BC246AEB2C0AE0B40071C358 /* XCRemoteSwiftPackageReference "Alamofire" */,
				BC246AEE2C0AE0CD0071C358 /* XCRemoteSwiftPackageReference "SnapKit" */,
				BC42E0842C0AEB60008B7336 /* XCRemoteSwiftPackageReference "IQKeyboardManager" */,
			);
			productRefGroup = BC653D5E2C0ADF190058AD4B /* Products */;
			projectDirPath = "";
			projectRoot = "";
			targets = (
				BC653D5C2C0ADF190058AD4B /* IP-iOS */,
			);
		};
/* End PBXProject section */

/* Begin PBXResourcesBuildPhase section */
		BC653D5B2C0ADF190058AD4B /* Resources */ = {
			isa = PBXResourcesBuildPhase;
			buildActionMask = 2147483647;
			files = (
				BC653D6A2C0ADF1B0058AD4B /* Assets.xcassets in Resources */,
				BC653D6D2C0ADF1B0058AD4B /* Base in Resources */,
			);
			runOnlyForDeploymentPostprocessing = 0;
		};
/* End PBXResourcesBuildPhase section */

/* Begin PBXSourcesBuildPhase section */
		BC653D592C0ADF190058AD4B /* Sources */ = {
			isa = PBXSourcesBuildPhase;
			buildActionMask = 2147483647;
			files = (
				561DD23B2C0AF10D00C662E2 /* ViewTest.swift in Sources */,
				BC653D652C0ADF1A0058AD4B /* ViewController.swift in Sources */,
				561DD2392C0AF10600C662E2 /* ServiceTest.swift in Sources */,
				BC653D612C0ADF1A0058AD4B /* AppDelegate.swift in Sources */,
				BC653D632C0ADF1A0058AD4B /* SceneDelegate.swift in Sources */,
			);
			runOnlyForDeploymentPostprocessing = 0;
		};
/* End PBXSourcesBuildPhase section */

/* Begin PBXVariantGroup section */
		BC653D6B2C0ADF1B0058AD4B /* LaunchScreen.storyboard */ = {
			isa = PBXVariantGroup;
			children = (
				BC653D6C2C0ADF1B0058AD4B /* Base */,
			);
			name = LaunchScreen.storyboard;
			sourceTree = "<group>";
		};
/* End PBXVariantGroup section */

/* Begin XCBuildConfiguration section */
		BC653D6F2C0ADF1B0058AD4B /* Debug */ = {
			isa = XCBuildConfiguration;
			buildSettings = {
				ALWAYS_SEARCH_USER_PATHS = NO;
				ASSETCATALOG_COMPILER_GENERATE_SWIFT_ASSET_SYMBOL_EXTENSIONS = YES;
				CLANG_ANALYZER_NONNULL = YES;
				CLANG_ANALYZER_NUMBER_OBJECT_CONVERSION = YES_AGGRESSIVE;
				CLANG_CXX_LANGUAGE_STANDARD = "gnu++20";
				CLANG_ENABLE_MODULES = YES;
				CLANG_ENABLE_OBJC_ARC = YES;
				CLANG_ENABLE_OBJC_WEAK = YES;
				CLANG_WARN_BLOCK_CAPTURE_AUTORELEASING = YES;
				CLANG_WARN_BOOL_CONVERSION = YES;
				CLANG_WARN_COMMA = YES;
				CLANG_WARN_CONSTANT_CONVERSION = YES;
				CLANG_WARN_DEPRECATED_OBJC_IMPLEMENTATIONS = YES;
				CLANG_WARN_DIRECT_OBJC_ISA_USAGE = YES_ERROR;
				CLANG_WARN_DOCUMENTATION_COMMENTS = YES;
				CLANG_WARN_EMPTY_BODY = YES;
				CLANG_WARN_ENUM_CONVERSION = YES;
				CLANG_WARN_INFINITE_RECURSION = YES;
				CLANG_WARN_INT_CONVERSION = YES;
				CLANG_WARN_NON_LITERAL_NULL_CONVERSION = YES;
				CLANG_WARN_OBJC_IMPLICIT_RETAIN_SELF = YES;
				CLANG_WARN_OBJC_LITERAL_CONVERSION = YES;
				CLANG_WARN_OBJC_ROOT_CLASS = YES_ERROR;
				CLANG_WARN_QUOTED_INCLUDE_IN_FRAMEWORK_HEADER = YES;
				CLANG_WARN_RANGE_LOOP_ANALYSIS = YES;
				CLANG_WARN_STRICT_PROTOTYPES = YES;
				CLANG_WARN_SUSPICIOUS_MOVE = YES;
				CLANG_WARN_UNGUARDED_AVAILABILITY = YES_AGGRESSIVE;
				CLANG_WARN_UNREACHABLE_CODE = YES;
				CLANG_WARN__DUPLICATE_METHOD_MATCH = YES;
				COPY_PHASE_STRIP = NO;
				DEBUG_INFORMATION_FORMAT = dwarf;
				ENABLE_STRICT_OBJC_MSGSEND = YES;
				ENABLE_TESTABILITY = YES;
				ENABLE_USER_SCRIPT_SANDBOXING = YES;
				GCC_C_LANGUAGE_STANDARD = gnu17;
				GCC_DYNAMIC_NO_PIC = NO;
				GCC_NO_COMMON_BLOCKS = YES;
				GCC_OPTIMIZATION_LEVEL = 0;
				GCC_PREPROCESSOR_DEFINITIONS = (
					"DEBUG=1",
					"$(inherited)",
				);
				GCC_WARN_64_TO_32_BIT_CONVERSION = YES;
				GCC_WARN_ABOUT_RETURN_TYPE = YES_ERROR;
				GCC_WARN_UNDECLARED_SELECTOR = YES;
				GCC_WARN_UNINITIALIZED_AUTOS = YES_AGGRESSIVE;
				GCC_WARN_UNUSED_FUNCTION = YES;
				GCC_WARN_UNUSED_VARIABLE = YES;
				IPHONEOS_DEPLOYMENT_TARGET = 17.0;
				LOCALIZATION_PREFERS_STRING_CATALOGS = YES;
				MTL_ENABLE_DEBUG_INFO = INCLUDE_SOURCE;
				MTL_FAST_MATH = YES;
				ONLY_ACTIVE_ARCH = YES;
				SDKROOT = iphoneos;
				SWIFT_ACTIVE_COMPILATION_CONDITIONS = "DEBUG $(inherited)";
				SWIFT_OPTIMIZATION_LEVEL = "-Onone";
			};
			name = Debug;
		};
		BC653D702C0ADF1B0058AD4B /* Release */ = {
			isa = XCBuildConfiguration;
			buildSettings = {
				ALWAYS_SEARCH_USER_PATHS = NO;
				ASSETCATALOG_COMPILER_GENERATE_SWIFT_ASSET_SYMBOL_EXTENSIONS = YES;
				CLANG_ANALYZER_NONNULL = YES;
				CLANG_ANALYZER_NUMBER_OBJECT_CONVERSION = YES_AGGRESSIVE;
				CLANG_CXX_LANGUAGE_STANDARD = "gnu++20";
				CLANG_ENABLE_MODULES = YES;
				CLANG_ENABLE_OBJC_ARC = YES;
				CLANG_ENABLE_OBJC_WEAK = YES;
				CLANG_WARN_BLOCK_CAPTURE_AUTORELEASING = YES;
				CLANG_WARN_BOOL_CONVERSION = YES;
				CLANG_WARN_COMMA = YES;
				CLANG_WARN_CONSTANT_CONVERSION = YES;
				CLANG_WARN_DEPRECATED_OBJC_IMPLEMENTATIONS = YES;
				CLANG_WARN_DIRECT_OBJC_ISA_USAGE = YES_ERROR;
				CLANG_WARN_DOCUMENTATION_COMMENTS = YES;
				CLANG_WARN_EMPTY_BODY = YES;
				CLANG_WARN_ENUM_CONVERSION = YES;
				CLANG_WARN_INFINITE_RECURSION = YES;
				CLANG_WARN_INT_CONVERSION = YES;
				CLANG_WARN_NON_LITERAL_NULL_CONVERSION = YES;
				CLANG_WARN_OBJC_IMPLICIT_RETAIN_SELF = YES;
				CLANG_WARN_OBJC_LITERAL_CONVERSION = YES;
				CLANG_WARN_OBJC_ROOT_CLASS = YES_ERROR;
				CLANG_WARN_QUOTED_INCLUDE_IN_FRAMEWORK_HEADER = YES;
				CLANG_WARN_RANGE_LOOP_ANALYSIS = YES;
				CLANG_WARN_STRICT_PROTOTYPES = YES;
				CLANG_WARN_SUSPICIOUS_MOVE = YES;
				CLANG_WARN_UNGUARDED_AVAILABILITY = YES_AGGRESSIVE;
				CLANG_WARN_UNREACHABLE_CODE = YES;
				CLANG_WARN__DUPLICATE_METHOD_MATCH = YES;
				COPY_PHASE_STRIP = NO;
				DEBUG_INFORMATION_FORMAT = "dwarf-with-dsym";
				ENABLE_NS_ASSERTIONS = NO;
				ENABLE_STRICT_OBJC_MSGSEND = YES;
				ENABLE_USER_SCRIPT_SANDBOXING = YES;
				GCC_C_LANGUAGE_STANDARD = gnu17;
				GCC_NO_COMMON_BLOCKS = YES;
				GCC_WARN_64_TO_32_BIT_CONVERSION = YES;
				GCC_WARN_ABOUT_RETURN_TYPE = YES_ERROR;
				GCC_WARN_UNDECLARED_SELECTOR = YES;
				GCC_WARN_UNINITIALIZED_AUTOS = YES_AGGRESSIVE;
				GCC_WARN_UNUSED_FUNCTION = YES;
				GCC_WARN_UNUSED_VARIABLE = YES;
				IPHONEOS_DEPLOYMENT_TARGET = 17.0;
				LOCALIZATION_PREFERS_STRING_CATALOGS = YES;
				MTL_ENABLE_DEBUG_INFO = NO;
				MTL_FAST_MATH = YES;
				SDKROOT = iphoneos;
				SWIFT_COMPILATION_MODE = wholemodule;
				VALIDATE_PRODUCT = YES;
			};
			name = Release;
		};
		BC653D722C0ADF1B0058AD4B /* Debug */ = {
			isa = XCBuildConfiguration;
			buildSettings = {
				ASSETCATALOG_COMPILER_APPICON_NAME = AppIcon;
				ASSETCATALOG_COMPILER_GLOBAL_ACCENT_COLOR_NAME = AccentColor;
				CODE_SIGN_STYLE = Automatic;
				CURRENT_PROJECT_VERSION = 1;
				DEVELOPMENT_TEAM = N8MX74Y447;
				GENERATE_INFOPLIST_FILE = YES;
				INFOPLIST_FILE = "IP-iOS/Info.plist";
				INFOPLIST_KEY_UIApplicationSupportsIndirectInputEvents = YES;
				INFOPLIST_KEY_UILaunchStoryboardName = LaunchScreen;
				INFOPLIST_KEY_UISupportedInterfaceOrientations = UIInterfaceOrientationPortrait;
				INFOPLIST_KEY_UISupportedInterfaceOrientations_iPad = "UIInterfaceOrientationLandscapeLeft UIInterfaceOrientationLandscapeRight UIInterfaceOrientationPortrait UIInterfaceOrientationPortraitUpsideDown";
				LD_RUNPATH_SEARCH_PATHS = (
					"$(inherited)",
					"@executable_path/Frameworks",
				);
				MARKETING_VERSION = 1.0;
				PRODUCT_BUNDLE_IDENTIFIER = "doyeon.IP-iOS";
				PRODUCT_NAME = "$(TARGET_NAME)";
				SUPPORTED_PLATFORMS = "iphoneos iphonesimulator";
				SUPPORTS_MACCATALYST = NO;
				SUPPORTS_MAC_DESIGNED_FOR_IPHONE_IPAD = NO;
				SUPPORTS_XR_DESIGNED_FOR_IPHONE_IPAD = NO;
				SWIFT_EMIT_LOC_STRINGS = YES;
				SWIFT_VERSION = 5.0;
				TARGETED_DEVICE_FAMILY = 1;
			};
			name = Debug;
		};
		BC653D732C0ADF1B0058AD4B /* Release */ = {
			isa = XCBuildConfiguration;
			buildSettings = {
				ASSETCATALOG_COMPILER_APPICON_NAME = AppIcon;
				ASSETCATALOG_COMPILER_GLOBAL_ACCENT_COLOR_NAME = AccentColor;
				CODE_SIGN_STYLE = Automatic;
				CURRENT_PROJECT_VERSION = 1;
				DEVELOPMENT_TEAM = N8MX74Y447;
				GENERATE_INFOPLIST_FILE = YES;
				INFOPLIST_FILE = "IP-iOS/Info.plist";
				INFOPLIST_KEY_UIApplicationSupportsIndirectInputEvents = YES;
				INFOPLIST_KEY_UILaunchStoryboardName = LaunchScreen;
				INFOPLIST_KEY_UISupportedInterfaceOrientations = UIInterfaceOrientationPortrait;
				INFOPLIST_KEY_UISupportedInterfaceOrientations_iPad = "UIInterfaceOrientationLandscapeLeft UIInterfaceOrientationLandscapeRight UIInterfaceOrientationPortrait UIInterfaceOrientationPortraitUpsideDown";
				LD_RUNPATH_SEARCH_PATHS = (
					"$(inherited)",
					"@executable_path/Frameworks",
				);
				MARKETING_VERSION = 1.0;
				PRODUCT_BUNDLE_IDENTIFIER = "doyeon.IP-iOS";
				PRODUCT_NAME = "$(TARGET_NAME)";
				SUPPORTED_PLATFORMS = "iphoneos iphonesimulator";
				SUPPORTS_MACCATALYST = NO;
				SUPPORTS_MAC_DESIGNED_FOR_IPHONE_IPAD = NO;
				SUPPORTS_XR_DESIGNED_FOR_IPHONE_IPAD = NO;
				SWIFT_EMIT_LOC_STRINGS = YES;
				SWIFT_VERSION = 5.0;
				TARGETED_DEVICE_FAMILY = 1;
			};
			name = Release;
		};
/* End XCBuildConfiguration section */

/* Begin XCConfigurationList section */
		BC653D582C0ADF190058AD4B /* Build configuration list for PBXProject "IP-iOS" */ = {
			isa = XCConfigurationList;
			buildConfigurations = (
				BC653D6F2C0ADF1B0058AD4B /* Debug */,
				BC653D702C0ADF1B0058AD4B /* Release */,
			);
			defaultConfigurationIsVisible = 0;
			defaultConfigurationName = Release;
		};
		BC653D712C0ADF1B0058AD4B /* Build configuration list for PBXNativeTarget "IP-iOS" */ = {
			isa = XCConfigurationList;
			buildConfigurations = (
				BC653D722C0ADF1B0058AD4B /* Debug */,
				BC653D732C0ADF1B0058AD4B /* Release */,
			);
			defaultConfigurationIsVisible = 0;
			defaultConfigurationName = Release;
		};
/* End XCConfigurationList section */

/* Begin XCRemoteSwiftPackageReference section */
		BC246AEB2C0AE0B40071C358 /* XCRemoteSwiftPackageReference "Alamofire" */ = {
			isa = XCRemoteSwiftPackageReference;
			repositoryURL = "https://github.com/Alamofire/Alamofire.git";
			requirement = {
				kind = upToNextMajorVersion;
				minimumVersion = 5.9.1;
			};
		};
		BC246AEE2C0AE0CD0071C358 /* XCRemoteSwiftPackageReference "SnapKit" */ = {
			isa = XCRemoteSwiftPackageReference;
			repositoryURL = "https://github.com/SnapKit/SnapKit.git";
			requirement = {
				kind = upToNextMajorVersion;
				minimumVersion = 5.7.1;
			};
		};
		BC42E0842C0AEB60008B7336 /* XCRemoteSwiftPackageReference "IQKeyboardManager" */ = {
			isa = XCRemoteSwiftPackageReference;
			repositoryURL = "https://github.com/hackiftekhar/IQKeyboardManager";
			requirement = {
				kind = upToNextMajorVersion;
				minimumVersion = 7.0.3;
			};
		};
		BC653D792C0ADF7C0058AD4B /* XCRemoteSwiftPackageReference "Then" */ = {
			isa = XCRemoteSwiftPackageReference;
			repositoryURL = "https://github.com/devxoul/Then.git";
			requirement = {
				kind = upToNextMajorVersion;
				minimumVersion = 3.0.0;
			};
		};
/* End XCRemoteSwiftPackageReference section */

/* Begin XCSwiftPackageProductDependency section */
		BC246AEC2C0AE0B40071C358 /* Alamofire */ = {
			isa = XCSwiftPackageProductDependency;
			package = BC246AEB2C0AE0B40071C358 /* XCRemoteSwiftPackageReference "Alamofire" */;
			productName = Alamofire;
		};
		BC246AEF2C0AE0CD0071C358 /* SnapKit */ = {
			isa = XCSwiftPackageProductDependency;
			package = BC246AEE2C0AE0CD0071C358 /* XCRemoteSwiftPackageReference "SnapKit" */;
			productName = SnapKit;
		};
		BC42E0852C0AEB60008B7336 /* IQKeyboardManagerSwift */ = {
			isa = XCSwiftPackageProductDependency;
			package = BC42E0842C0AEB60008B7336 /* XCRemoteSwiftPackageReference "IQKeyboardManager" */;
			productName = IQKeyboardManagerSwift;
		};
		BC653D7A2C0ADF7C0058AD4B /* Then */ = {
			isa = XCSwiftPackageProductDependency;
			package = BC653D792C0ADF7C0058AD4B /* XCRemoteSwiftPackageReference "Then" */;
			productName = Then;
		};
/* End XCSwiftPackageProductDependency section */
	};
	rootObject = BC653D552C0ADF190058AD4B /* Project object */;
}
